// !$*UTF8*$!
{
	archiveVersion = 1;
	classes = {
	};
	objectVersion = 46;
	objects = {

/* Begin PBXBuildFile section */
		C82167521A982E9800AC6126 /* main.m in Sources */ = {isa = PBXBuildFile; fileRef = C82167511A982E9800AC6126 /* main.m */; };
		C82167551A982E9800AC6126 /* AppDelegate.m in Sources */ = {isa = PBXBuildFile; fileRef = C82167541A982E9800AC6126 /* AppDelegate.m */; };
		C82167581A982E9800AC6126 /* ViewController.m in Sources */ = {isa = PBXBuildFile; fileRef = C82167571A982E9800AC6126 /* ViewController.m */; };
		C821675B1A982E9800AC6126 /* Main.storyboard in Resources */ = {isa = PBXBuildFile; fileRef = C82167591A982E9800AC6126 /* Main.storyboard */; };
		C821675D1A982E9800AC6126 /* Images.xcassets in Resources */ = {isa = PBXBuildFile; fileRef = C821675C1A982E9800AC6126 /* Images.xcassets */; };
		C82167601A982E9800AC6126 /* LaunchScreen.xib in Resources */ = {isa = PBXBuildFile; fileRef = C821675E1A982E9800AC6126 /* LaunchScreen.xib */; };
		C821676C1A982E9900AC6126 /* TFBEMTests.m in Sources */ = {isa = PBXBuildFile; fileRef = C821676B1A982E9900AC6126 /* TFBEMTests.m */; };
/* End PBXBuildFile section */

/* Begin PBXContainerItemProxy section */
		C82167661A982E9900AC6126 /* PBXContainerItemProxy */ = {
			isa = PBXContainerItemProxy;
			containerPortal = C82167441A982E9800AC6126 /* Project object */;
			proxyType = 1;
			remoteGlobalIDString = C821674B1A982E9800AC6126;
			remoteInfo = TFBEM;
		};
/* End PBXContainerItemProxy section */

/* Begin PBXFileReference section */
		C821674C1A982E9800AC6126 /* TFBEM.app */ = {isa = PBXFileReference; explicitFileType = wrapper.application; includeInIndex = 0; path = TFBEM.app; sourceTree = BUILT_PRODUCTS_DIR; };
		C82167501A982E9800AC6126 /* Info.plist */ = {isa = PBXFileReference; lastKnownFileType = text.plist.xml; path = Info.plist; sourceTree = "<group>"; };
		C82167511A982E9800AC6126 /* main.m */ = {isa = PBXFileReference; lastKnownFileType = sourcecode.c.objc; path = main.m; sourceTree = "<group>"; };
		C82167531A982E9800AC6126 /* AppDelegate.h */ = {isa = PBXFileReference; lastKnownFileType = sourcecode.c.h; path = AppDelegate.h; sourceTree = "<group>"; };
		C82167541A982E9800AC6126 /* AppDelegate.m */ = {isa = PBXFileReference; lastKnownFileType = sourcecode.c.objc; path = AppDelegate.m; sourceTree = "<group>"; };
		C82167561A982E9800AC6126 /* ViewController.h */ = {isa = PBXFileReference; lastKnownFileType = sourcecode.c.h; path = ViewController.h; sourceTree = "<group>"; };
		C82167571A982E9800AC6126 /* ViewController.m */ = {isa = PBXFileReference; lastKnownFileType = sourcecode.c.objc; path = ViewController.m; sourceTree = "<group>"; };
		C821675A1A982E9800AC6126 /* Base */ = {isa = PBXFileReference; lastKnownFileType = file.storyboard; name = Base; path = Base.lproj/Main.storyboard; sourceTree = "<group>"; };
		C821675C1A982E9800AC6126 /* Images.xcassets */ = {isa = PBXFileReference; lastKnownFileType = folder.assetcatalog; path = Images.xcassets; sourceTree = "<group>"; };
		C821675F1A982E9800AC6126 /* Base */ = {isa = PBXFileReference; lastKnownFileType = file.xib; name = Base; path = Base.lproj/LaunchScreen.xib; sourceTree = "<group>"; };
		C82167651A982E9900AC6126 /* TFBEMTests.xctest */ = {isa = PBXFileReference; explicitFileType = wrapper.cfbundle; includeInIndex = 0; path = TFBEMTests.xctest; sourceTree = BUILT_PRODUCTS_DIR; };
		C821676A1A982E9900AC6126 /* Info.plist */ = {isa = PBXFileReference; lastKnownFileType = text.plist.xml; path = Info.plist; sourceTree = "<group>"; };
		C821676B1A982E9900AC6126 /* TFBEMTests.m */ = {isa = PBXFileReference; lastKnownFileType = sourcecode.c.objc; path = TFBEMTests.m; sourceTree = "<group>"; };
/* End PBXFileReference section */

/* Begin PBXFrameworksBuildPhase section */
		C82167491A982E9800AC6126 /* Frameworks */ = {
			isa = PBXFrameworksBuildPhase;
			buildActionMask = 2147483647;
			files = (
			);
			runOnlyForDeploymentPostprocessing = 0;
		};
		C82167621A982E9900AC6126 /* Frameworks */ = {
			isa = PBXFrameworksBuildPhase;
			buildActionMask = 2147483647;
			files = (
			);
			runOnlyForDeploymentPostprocessing = 0;
		};
/* End PBXFrameworksBuildPhase section */

/* Begin PBXGroup section */
		C82167431A982E9800AC6126 = {
			isa = PBXGroup;
			children = (
				C821674E1A982E9800AC6126 /* TFBEM */,
				C82167681A982E9900AC6126 /* TFBEMTests */,
				C821674D1A982E9800AC6126 /* Products */,
			);
			sourceTree = "<group>";
		};
		C821674D1A982E9800AC6126 /* Products */ = {
			isa = PBXGroup;
			children = (
				C821674C1A982E9800AC6126 /* TFBEM.app */,
				C82167651A982E9900AC6126 /* TFBEMTests.xctest */,
			);
			name = Products;
			sourceTree = "<group>";
		};
		C821674E1A982E9800AC6126 /* TFBEM */ = {
			isa = PBXGroup;
			children = (
				C82167531A982E9800AC6126 /* AppDelegate.h */,
				C82167541A982E9800AC6126 /* AppDelegate.m */,
				C82167561A982E9800AC6126 /* ViewController.h */,
				C82167571A982E9800AC6126 /* ViewController.m */,
				C82167591A982E9800AC6126 /* Main.storyboard */,
				C821675C1A982E9800AC6126 /* Images.xcassets */,
				C821675E1A982E9800AC6126 /* LaunchScreen.xib */,
				C821674F1A982E9800AC6126 /* Supporting Files */,
			);
			path = TFBEM;
			sourceTree = "<group>";
		};
		C821674F1A982E9800AC6126 /* Supporting Files */ = {
			isa = PBXGroup;
			children = (
				C82167501A982E9800AC6126 /* Info.plist */,
				C82167511A982E9800AC6126 /* main.m */,
			);
			name = "Supporting Files";
			sourceTree = "<group>";
		};
		C82167681A982E9900AC6126 /* TFBEMTests */ = {
			isa = PBXGroup;
			children = (
				C821676B1A982E9900AC6126 /* TFBEMTests.m */,
				C82167691A982E9900AC6126 /* Supporting Files */,
			);
			path = TFBEMTests;
			sourceTree = "<group>";
		};
		C82167691A982E9900AC6126 /* Supporting Files */ = {
			isa = PBXGroup;
			children = (
				C821676A1A982E9900AC6126 /* Info.plist */,
			);
			name = "Supporting Files";
			sourceTree = "<group>";
		};
/* End PBXGroup section */

/* Begin PBXNativeTarget section */
		C821674B1A982E9800AC6126 /* TFBEM */ = {
			isa = PBXNativeTarget;
			buildConfigurationList = C821676F1A982E9900AC6126 /* Build configuration list for PBXNativeTarget "TFBEM" */;
			buildPhases = (
				C82167481A982E9800AC6126 /* Sources */,
				C82167491A982E9800AC6126 /* Frameworks */,
				C821674A1A982E9800AC6126 /* Resources */,
			);
			buildRules = (
			);
			dependencies = (
			);
			name = TFBEM;
			productName = TFBEM;
			productReference = C821674C1A982E9800AC6126 /* TFBEM.app */;
			productType = "com.apple.product-type.application";
		};
		C82167641A982E9900AC6126 /* TFBEMTests */ = {
			isa = PBXNativeTarget;
			buildConfigurationList = C82167721A982E9900AC6126 /* Build configuration list for PBXNativeTarget "TFBEMTests" */;
			buildPhases = (
				C82167611A982E9900AC6126 /* Sources */,
				C82167621A982E9900AC6126 /* Frameworks */,
				C82167631A982E9900AC6126 /* Resources */,
			);
			buildRules = (
			);
			dependencies = (
				C82167671A982E9900AC6126 /* PBXTargetDependency */,
			);
			name = TFBEMTests;
			productName = TFBEMTests;
			productReference = C82167651A982E9900AC6126 /* TFBEMTests.xctest */;
			productType = "com.apple.product-type.bundle.unit-test";
		};
/* End PBXNativeTarget section */

/* Begin PBXProject section */
		C82167441A982E9800AC6126 /* Project object */ = {
			isa = PBXProject;
			attributes = {
				LastUpgradeCheck = 0610;
				ORGANIZATIONNAME = "Little Brown Box Works";
				TargetAttributes = {
					C821674B1A982E9800AC6126 = {
						CreatedOnToolsVersion = 6.1.1;
					};
					C82167641A982E9900AC6126 = {
						CreatedOnToolsVersion = 6.1.1;
						TestTargetID = C821674B1A982E9800AC6126;
					};
				};
			};
			buildConfigurationList = C82167471A982E9800AC6126 /* Build configuration list for PBXProject "TFBEM" */;
			compatibilityVersion = "Xcode 3.2";
			developmentRegion = English;
			hasScannedForEncodings = 0;
			knownRegions = (
				en,
				Base,
			);
			mainGroup = C82167431A982E9800AC6126;
			productRefGroup = C821674D1A982E9800AC6126 /* Products */;
			projectDirPath = "";
			projectRoot = "";
			targets = (
				C821674B1A982E9800AC6126 /* TFBEM */,
				C82167641A982E9900AC6126 /* TFBEMTests */,
			);
		};
/* End PBXProject section */

/* Begin PBXResourcesBuildPhase section */
		C821674A1A982E9800AC6126 /* Resources */ = {
			isa = PBXResourcesBuildPhase;
			buildActionMask = 2147483647;
			files = (
				C821675B1A982E9800AC6126 /* Main.storyboard in Resources */,
				C82167601A982E9800AC6126 /* LaunchScreen.xib in Resources */,
				C821675D1A982E9800AC6126 /* Images.xcassets in Resources */,
			);
			runOnlyForDeploymentPostprocessing = 0;
		};
		C82167631A982E9900AC6126 /* Resources */ = {
			isa = PBXResourcesBuildPhase;
			buildActionMask = 2147483647;
			files = (
			);
			runOnlyForDeploymentPostprocessing = 0;
		};
/* End PBXResourcesBuildPhase section */

/* Begin PBXSourcesBuildPhase section */
		C82167481A982E9800AC6126 /* Sources */ = {
			isa = PBXSourcesBuildPhase;
			buildActionMask = 2147483647;
			files = (
				C82167581A982E9800AC6126 /* ViewController.m in Sources */,
				C82167551A982E9800AC6126 /* AppDelegate.m in Sources */,
				C82167521A982E9800AC6126 /* main.m in Sources */,
			);
			runOnlyForDeploymentPostprocessing = 0;
		};
		C82167611A982E9900AC6126 /* Sources */ = {
			isa = PBXSourcesBuildPhase;
			buildActionMask = 2147483647;
			files = (
				C821676C1A982E9900AC6126 /* TFBEMTests.m in Sources */,
			);
			runOnlyForDeploymentPostprocessing = 0;
		};
/* End PBXSourcesBuildPhase section */

/* Begin PBXTargetDependency section */
		C82167671A982E9900AC6126 /* PBXTargetDependency */ = {
			isa = PBXTargetDependency;
			target = C821674B1A982E9800AC6126 /* TFBEM */;
			targetProxy = C82167661A982E9900AC6126 /* PBXContainerItemProxy */;
		};
/* End PBXTargetDependency section */

/* Begin PBXVariantGroup section */
		C82167591A982E9800AC6126 /* Main.storyboard */ = {
			isa = PBXVariantGroup;
			children = (
				C821675A1A982E9800AC6126 /* Base */,
			);
			name = Main.storyboard;
			sourceTree = "<group>";
		};
		C821675E1A982E9800AC6126 /* LaunchScreen.xib */ = {
			isa = PBXVariantGroup;
			children = (
				C821675F1A982E9800AC6126 /* Base */,
			);
			name = LaunchScreen.xib;
			sourceTree = "<group>";
		};
/* End PBXVariantGroup section */

/* Begin XCBuildConfiguration section */
		C821676D1A982E9900AC6126 /* Debug */ = {
			isa = XCBuildConfiguration;
			buildSettings = {
				ALWAYS_SEARCH_USER_PATHS = NO;
				CLANG_CXX_LANGUAGE_STANDARD = "gnu++0x";
				CLANG_CXX_LIBRARY = "libc++";
				CLANG_ENABLE_MODULES = YES;
				CLANG_ENABLE_OBJC_ARC = YES;
				CLANG_WARN_BOOL_CONVERSION = YES;
				CLANG_WARN_CONSTANT_CONVERSION = YES;
				CLANG_WARN_DIRECT_OBJC_ISA_USAGE = YES_ERROR;
				CLANG_WARN_EMPTY_BODY = YES;
				CLANG_WARN_ENUM_CONVERSION = YES;
				CLANG_WARN_INT_CONVERSION = YES;
				CLANG_WARN_OBJC_ROOT_CLASS = YES_ERROR;
				CLANG_WARN_UNREACHABLE_CODE = YES;
				CLANG_WARN__DUPLICATE_METHOD_MATCH = YES;
				"CODE_SIGN_IDENTITY[sdk=iphoneos*]" = "iPhone Developer";
				COPY_PHASE_STRIP = NO;
				ENABLE_STRICT_OBJC_MSGSEND = YES;
				GCC_C_LANGUAGE_STANDARD = gnu99;
				GCC_DYNAMIC_NO_PIC = NO;
				GCC_OPTIMIZATION_LEVEL = 0;
				GCC_PREPROCESSOR_DEFINITIONS = (
					"DEBUG=1",
					"$(inherited)",
				);
				GCC_SYMBOLS_PRIVATE_EXTERN = NO;
				GCC_WARN_64_TO_32_BIT_CONVERSION = YES;
				GCC_WARN_ABOUT_RETURN_TYPE = YES_ERROR;
				GCC_WARN_UNDECLARED_SELECTOR = YES;
				GCC_WARN_UNINITIALIZED_AUTOS = YES_AGGRESSIVE;
				GCC_WARN_UNUSED_FUNCTION = YES;
				GCC_WARN_UNUSED_VARIABLE = YES;
				IPHONEOS_DEPLOYMENT_TARGET = 8.1;
				MTL_ENABLE_DEBUG_INFO = YES;
				ONLY_ACTIVE_ARCH = YES;
				SDKROOT = iphoneos;
			};
			name = Debug;
		};
		C821676E1A982E9900AC6126 /* Release */ = {
			isa = XCBuildConfiguration;
			buildSettings = {
				ALWAYS_SEARCH_USER_PATHS = NO;
				CLANG_CXX_LANGUAGE_STANDARD = "gnu++0x";
				CLANG_CXX_LIBRARY = "libc++";
				CLANG_ENABLE_MODULES = YES;
				CLANG_ENABLE_OBJC_ARC = YES;
				CLANG_WARN_BOOL_CONVERSION = YES;
				CLANG_WARN_CONSTANT_CONVERSION = YES;
				CLANG_WARN_DIRECT_OBJC_ISA_USAGE = YES_ERROR;
				CLANG_WARN_EMPTY_BODY = YES;
				CLANG_WARN_ENUM_CONVERSION = YES;
				CLANG_WARN_INT_CONVERSION = YES;
				CLANG_WARN_OBJC_ROOT_CLASS = YES_ERROR;
				CLANG_WARN_UNREACHABLE_CODE = YES;
				CLANG_WARN__DUPLICATE_METHOD_MATCH = YES;
				"CODE_SIGN_IDENTITY[sdk=iphoneos*]" = "iPhone Developer";
				COPY_PHASE_STRIP = YES;
				ENABLE_NS_ASSERTIONS = NO;
				ENABLE_STRICT_OBJC_MSGSEND = YES;
				GCC_C_LANGUAGE_STANDARD = gnu99;
				GCC_WARN_64_TO_32_BIT_CONVERSION = YES;
				GCC_WARN_ABOUT_RETURN_TYPE = YES_ERROR;
				GCC_WARN_UNDECLARED_SELECTOR = YES;
				GCC_WARN_UNINITIALIZED_AUTOS = YES_AGGRESSIVE;
				GCC_WARN_UNUSED_FUNCTION = YES;
				GCC_WARN_UNUSED_VARIABLE = YES;
				IPHONEOS_DEPLOYMENT_TARGET = 8.1;
				MTL_ENABLE_DEBUG_INFO = NO;
				SDKROOT = iphoneos;
				VALIDATE_PRODUCT = YES;
			};
			name = Release;
		};
		C82167701A982E9900AC6126 /* Debug */ = {
			isa = XCBuildConfiguration;
			buildSettings = {
				ASSETCATALOG_COMPILER_APPICON_NAME = AppIcon;
				INFOPLIST_FILE = TFBEM/Info.plist;
				LD_RUNPATH_SEARCH_PATHS = "$(inherited) @executable_path/Frameworks";
				PRODUCT_NAME = "$(TARGET_NAME)";
			};
			name = Debug;
		};
		C82167711A982E9900AC6126 /* Release */ = {
			isa = XCBuildConfiguration;
			buildSettings = {
				ASSETCATALOG_COMPILER_APPICON_NAME = AppIcon;
				INFOPLIST_FILE = TFBEM/Info.plist;
				LD_RUNPATH_SEARCH_PATHS = "$(inherited) @executable_path/Frameworks";
				PRODUCT_NAME = "$(TARGET_NAME)";
			};
			name = Release;
		};
		C82167731A982E9900AC6126 /* Debug */ = {
			isa = XCBuildConfiguration;
			buildSettings = {
				BUNDLE_LOADER = "$(TEST_HOST)";
				FRAMEWORK_SEARCH_PATHS = (
					"$(SDKROOT)/Developer/Library/Frameworks",
					"$(inherited)",
				);
				GCC_PREPROCESSOR_DEFINITIONS = (
					"DEBUG=1",
					"$(inherited)",
				);
				INFOPLIST_FILE = TFBEMTests/Info.plist;
				LD_RUNPATH_SEARCH_PATHS = "$(inherited) @executable_path/Frameworks @loader_path/Frameworks";
				PRODUCT_NAME = "$(TARGET_NAME)";
				TEST_HOST = "$(BUILT_PRODUCTS_DIR)/TFBEM.app/TFBEM";
			};
			name = Debug;
		};
		C82167741A982E9900AC6126 /* Release */ = {
			isa = XCBuildConfiguration;
			buildSettings = {
				BUNDLE_LOADER = "$(TEST_HOST)";
				FRAMEWORK_SEARCH_PATHS = (
					"$(SDKROOT)/Developer/Library/Frameworks",
					"$(inherited)",
				);
				INFOPLIST_FILE = TFBEMTests/Info.plist;
				LD_RUNPATH_SEARCH_PATHS = "$(inherited) @executable_path/Frameworks @loader_path/Frameworks";
				PRODUCT_NAME = "$(TARGET_NAME)";
				TEST_HOST = "$(BUILT_PRODUCTS_DIR)/TFBEM.app/TFBEM";
			};
			name = Release;
		};
/* End XCBuildConfiguration section */

/* Begin XCConfigurationList section */
		C82167471A982E9800AC6126 /* Build configuration list for PBXProject "TFBEM" */ = {
			isa = XCConfigurationList;
			buildConfigurations = (
				C821676D1A982E9900AC6126 /* Debug */,
				C821676E1A982E9900AC6126 /* Release */,
			);
			defaultConfigurationIsVisible = 0;
			defaultConfigurationName = Release;
		};
		C821676F1A982E9900AC6126 /* Build configuration list for PBXNativeTarget "TFBEM" */ = {
			isa = XCConfigurationList;
			buildConfigurations = (
				C82167701A982E9900AC6126 /* Debug */,
				C82167711A982E9900AC6126 /* Release */,
			);
			defaultConfigurationIsVisible = 0;
		};
		C82167721A982E9900AC6126 /* Build configuration list for PBXNativeTarget "TFBEMTests" */ = {
			isa = XCConfigurationList;
			buildConfigurations = (
				C82167731A982E9900AC6126 /* Debug */,
				C82167741A982E9900AC6126 /* Release */,
			);
			defaultConfigurationIsVisible = 0;
		};
/* End XCConfigurationList section */
	};
	rootObject = C82167441A982E9800AC6126 /* Project object */;
}
